<?xml version="1.0" encoding="utf-8"?>
<Project ToolsVersion="4.0" xmlns="http://schemas.microsoft.com/developer/msbuild/2003">
  <ItemGroup>
    <ClCompile Include="src\Core\Data\Factory\SettingsFactory.cpp" />
    <ClCompile Include="src\Core\Data\Manager\SettingsManager.cpp" />
    <ClCompile Include="src\Core\Data\Objects\Descriptions\Particles\EmitterComponentDescription.cpp" />
    <ClCompile Include="src\Core\Data\Objects\Descriptions\Particles\ParticleDescription.cpp" />
    <ClCompile Include="src\Core\Data\Objects\Descriptions\Shapes\CircleShapeDescription.cpp" />
    <ClCompile Include="src\Core\Data\Objects\Descriptions\Shapes\FillableShapeDescription.cpp" />
    <ClCompile Include="src\Core\Data\Objects\Descriptions\Shapes\LineShapeDescription.cpp" />
    <ClCompile Include="src\Core\Data\Objects\Descriptions\Shapes\PolygonShapeDescription.cpp" />
    <ClCompile Include="src\Core\Data\Objects\Descriptions\Shapes\RectShapeDescription.cpp" />
    <ClCompile Include="src\Core\Data\Objects\Descriptions\Shapes\ShapeDescription.cpp" />
    <ClCompile Include="src\Core\Data\Objects\Descriptions\Shapes\TriangleShapeDescription.cpp" />
    <ClCompile Include="src\Core\Data\Objects\Geometry.cpp" />
    <ClCompile Include="src\Core\Data\Objects\Layer.cpp" />
    <ClCompile Include="src\Core\Data\Manager\LayerManager.cpp" />
    <ClCompile Include="src\Core\Diagnostics\Objects\ErrorLog.cpp" />
    <ClCompile Include="src\Core\Diagnostics\Objects\InfoLog.cpp" />
    <ClCompile Include="src\Core\Diagnostics\Objects\TodoLog.cpp" />
    <ClCompile Include="src\Core\Diagnostics\Objects\WarningLog.cpp" />
    <ClCompile Include="src\Rendering\Manager\TextureManager.cpp" />
    <ClCompile Include="src\Core\Data\Manager\TimerManager.cpp" />
    <ClCompile Include="src\Core\Diagnostics\Manager\LogManager.cpp" />
    <ClCompile Include="src\Core\Diagnostics\Objects\Log.cpp" />
    <ClCompile Include="src\Core\Helpers\Interfaces\IDestroyable.cpp" />
    <ClCompile Include="src\Math\Objects\Random.cpp" />
    <ClCompile Include="src\Math\Objects\Range.cpp" />
    <ClCompile Include="src\Rendering\Objects\RenderItems\Particle.cpp" />
    <ClCompile Include="src\Rendering\Objects\RenderItems\Shapes\CircleShape.cpp" />
    <ClCompile Include="src\Rendering\Objects\RenderItems\Shapes\LineShape.cpp" />
    <ClCompile Include="src\Rendering\Objects\RenderItems\Shapes\PolygonShape.cpp" />
    <ClCompile Include="src\Rendering\Objects\RenderItems\Shapes\RectShape.cpp" />
    <ClCompile Include="src\Rendering\Objects\RenderItems\Shapes\Shape.cpp" />
    <ClCompile Include="src\Rendering\Objects\RenderItems\Shapes\TriangleShape.cpp" />
    <ClCompile Include="src\Rendering\Objects\RenderItems\Texture.cpp" />
    <ClCompile Include="src\Core\Data\Objects\Timers\WorldTimer.cpp" />
    <ClCompile Include="src\Rendering\Objects\RenderItems\RenderItem.cpp" />
    <ClCompile Include="src\Rendering\Objects\Visualization\ComponentVisualizations\ComponentVisualization.cpp" />
    <ClCompile Include="src\Rendering\Objects\Visualization\ComponentVisualizations\ConcreteComponenetVisualization.cpp" />
    <ClCompile Include="src\Rendering\Objects\Visualization\ComponentVisualizations\EmitterComponentVisualization.cpp" />
    <ClCompile Include="src\Rendering\Objects\Visualization\GameObjectVisualizations\ConcreteGameObjectVisualization.cpp" />
    <ClCompile Include="src\Rendering\Objects\Visualization\GameObjectVisualizations\GameObjectVisualization.cpp" />
    <ClCompile Include="src\Rendering\Objects\Visualization\ComponentVisualizations\ImageVisualization.cpp" />
    <ClCompile Include="src\Rendering\Factory\VisualizationFactory.cpp" />
    <ClCompile Include="src\Rendering\Manager\VisualizationManager.cpp" />
    <ClCompile Include="src\Rendering\Objects\Visualization\ComponentVisualizations\Shapes\CircleShapeVisualization.cpp" />
    <ClCompile Include="src\Rendering\Objects\Visualization\ComponentVisualizations\Shapes\LineShapeVisualization.cpp" />
    <ClCompile Include="src\Rendering\Objects\Visualization\ComponentVisualizations\Shapes\PolygonShapeVisualization.cpp" />
    <ClCompile Include="src\Rendering\Objects\Visualization\ComponentVisualizations\Shapes\RectShapeVisualization.cpp" />
    <ClCompile Include="src\Rendering\Objects\Visualization\ComponentVisualizations\Shapes\ShapeVisualization.cpp" />
    <ClCompile Include="src\Rendering\Objects\Visualization\ComponentVisualizations\Shapes\TriangleShapeVisualization.cpp" />
    <ClCompile Include="src\Rendering\Objects\Visualization\Visualization.cpp" />
    <ClCompile Include="src\Core\Data\Objects\Resources\Audio.cpp" />
    <ClCompile Include="src\Rendering\DebugRenderer.cpp" />
    <ClCompile Include="src\Physics\Collision\ContactFilter.cpp" />
    <ClCompile Include="src\Physics\Collision\ContactListener.cpp" />
    <ClCompile Include="src\Core\Helpers\Patterns\Manager.cpp" />
    <ClCompile Include="src\Core\Helpers\ObjectCounter.cpp" />
    <ClCompile Include="src\Core\Helpers\Patterns\Observer.cpp" />
    <ClCompile Include="src\Core\Helpers\TaggedObject.cpp" />
    <ClCompile Include="src\Core\Helpers\Interfaces\IBoundingBox.cpp" />
    <ClCompile Include="src\SceneGraph\Factory\ComponentFactory.cpp" />
    <ClCompile Include="src\SceneGraph\Factory\GameObjectFactory.cpp" />
    <ClCompile Include="src\SceneGraph\Factory\SceneFactory.cpp" />
    <ClCompile Include="src\SceneGraph\Objects\Components\EmitterComponent.cpp" />
    <ClCompile Include="src\SceneGraph\Objects\Components\Physics\Collision\BoxCollisionComponent.cpp" />
    <ClCompile Include="src\SceneGraph\Objects\Components\Physics\Collision\CircleCollisionComponent.cpp" />
    <ClCompile Include="src\SceneGraph\Objects\Components\Physics\Collision\CollisionComponent.cpp" />
    <ClCompile Include="src\SceneGraph\Objects\Components\Physics\Collision\PolygonCollisionComponent.cpp" />
    <ClCompile Include="src\SceneGraph\Objects\Components\Physics\Collision\TriangleCollisionComponent.cpp" />
    <ClCompile Include="src\SceneGraph\Objects\Components\ImageComponent.cpp" />
    <ClCompile Include="src\SceneGraph\Manager\ComponentManager.cpp" />
    <ClCompile Include="src\SceneGraph\Objects\Components\Physics\RigidBodyComponent.cpp" />
    <ClCompile Include="src\SceneGraph\Objects\Components\Shapes\CircleShapeComponent.cpp" />
    <ClCompile Include="src\SceneGraph\Objects\Components\Shapes\LineShapeComponent.cpp" />
    <ClCompile Include="src\SceneGraph\Objects\Components\Shapes\PolygonShapeComponent.cpp" />
    <ClCompile Include="src\SceneGraph\Objects\Components\Shapes\RectShapeComponent.cpp" />
    <ClCompile Include="src\SceneGraph\Objects\Components\Shapes\TriangleShapeComponent.cpp" />
    <ClCompile Include="src\SceneGraph\Objects\GameObjects\Camera\Camera.cpp" />
    <ClCompile Include="src\SceneGraph\Objects\Components\CameraComponent.cpp" />
    <ClCompile Include="src\Core\Data\Objects\Resources\Image.cpp" />
    <ClCompile Include="src\Core\Data\Manager\ResourceManager.cpp" />
    <ClCompile Include="src\Core\Data\Objects\Resources\Resource.cpp" />
    <ClCompile Include="src\Core\System\Input.cpp" />
    <ClCompile Include="src\Core\Helpers\Interfaces\IInput.cpp" />
    <ClCompile Include="src\SceneGraph\Objects\GameObjects\Camera\FollowCamera.cpp" />
    <ClCompile Include="src\SceneGraph\Objects\GameObjects\Camera\FreeCamera.cpp" />
    <ClCompile Include="src\SceneGraph\Manager\CameraManager.cpp" />
    <ClCompile Include="src\SceneGraph\Manager\GameObjectManager.cpp" />
    <ClCompile Include="src\SceneGraph\Objects\GameObjects\PhysicsObject.cpp" />
    <ClCompile Include="src\SceneGraph\Objects\GameObjects\SceneObject.cpp" />
    <ClCompile Include="src\SceneGraph\Objects\GameObjects\UIObject.cpp" />
    <ClCompile Include="src\Core\Engine.cpp" />
    <ClCompile Include="src\Core\Data\Objects\Game.cpp" />
    <ClCompile Include="src\Core\Data\Objects\Settings\ApplicationSettings.cpp" />
    <ClCompile Include="src\Core\Data\Objects\Settings\GameSettings.cpp" />
    <ClCompile Include="src\Core\Data\Objects\Settings\PhysicsSettings.cpp" />
    <ClCompile Include="src\Core\Data\Objects\Settings\Settings.cpp" />
    <ClCompile Include="src\Core\System\Logic.cpp" />
    <ClCompile Include="src\Core\System\Graphics.cpp" />
    <ClCompile Include="src\Core\System\Factory\SystemFactory.cpp" />
    <ClCompile Include="src\Core\System\Manager\SystemManager.cpp" />
    <ClCompile Include="src\Core\Helpers\Interfaces\IWindow.cpp" />
    <ClCompile Include="src\Math\Objects\Matrix2D.cpp" />
    <ClCompile Include="src\Math\Objects\Rect2D.cpp" />
    <ClCompile Include="src\Rendering\Renderer.cpp" />
    <ClCompile Include="src\SceneGraph\Objects\Components\Component.cpp" />
    <ClCompile Include="src\SceneGraph\Objects\Components\Shapes\ShapeComponent.cpp" />
    <ClCompile Include="src\SceneGraph\Objects\GameObjects\GameObject.cpp" />
    <ClCompile Include="src\SceneGraph\Objects\Scenes\LoadingScene.cpp" />
    <ClCompile Include="src\SceneGraph\Objects\Scenes\Scene.cpp" />
    <ClCompile Include="src\SceneGraph\Manager\SceneManager.cpp" />
    <ClCompile Include="src\Core\Helpers\Patterns\Singleton.cpp" />
    <ClCompile Include="src\Core\System\System.cpp" />
    <ClCompile Include="src\Core\Data\Objects\Timers\Timer.cpp" />
    <ClCompile Include="src\SceneGraph\Objects\Object.cpp" />
    <ClCompile Include="src\Math\Objects\Vector2D.cpp" />
    <ClCompile Include="src\Core\System\Window.cpp" />
    <ClCompile Include="src\SceneGraph\Objects\Components\TransformComponent.cpp" />
    <ClCompile Include="src\Core\Data\Factory\GeometryFactory.cpp" />
    <ClCompile Include="src\Core\Data\Manager\GeometryManager.cpp" />
    <ClCompile Include="src\Core\Data\Objects\Transition.cpp" />
    <ClCompile Include="src\Core\Data\Manager\TransitionManager.cpp" />
  </ItemGroup>
  <ItemGroup>
    <ClInclude Include="include\Core\Data\Factory\SettingsFactory.h" />
    <ClInclude Include="include\Core\Data\Manager\SettingsManager.h" />
    <ClInclude Include="include\Core\Data\Manager\TimerManager.h" />
    <ClInclude Include="include\Core\Data\Objects\Descriptions\Particles\EmitterComponentDescription.h" />
    <ClInclude Include="include\Core\Data\Objects\Descriptions\Particles\ParticleDescription.h" />
    <ClInclude Include="include\Core\Data\Objects\Descriptions\Shapes\CircleShapeDescription.h" />
    <ClInclude Include="include\Core\Data\Objects\Descriptions\Shapes\LineShapeDescription.h" />
    <ClInclude Include="include\Core\Data\Objects\Descriptions\Shapes\PolygonShapeDescription.h" />
    <ClInclude Include="include\Core\Data\Objects\Descriptions\Shapes\RectShapeDescription.h" />
    <ClInclude Include="include\Core\Data\Objects\Descriptions\Shapes\ShapeDescription.h" />
    <ClInclude Include="include\Core\Data\Objects\Descriptions\Shapes\TriangleShapeDescription.h" />
    <ClInclude Include="include\Core\Data\Objects\Geometry.h" />
    <ClInclude Include="include\Core\Data\Objects\Layer.h" />
    <ClInclude Include="include\Core\Data\Manager\LayerManager.h" />
    <ClInclude Include="include\Core\Defines\consolecolors.h" />
    <ClInclude Include="include\Core\Defines\debug.h" />
    <ClInclude Include="include\Core\Diagnostics\Objects\ErrorLog.h" />
    <ClInclude Include="include\Core\Diagnostics\Objects\InfoLog.h" />
    <ClInclude Include="include\Core\Diagnostics\Objects\TodoLog.h" />
    <ClInclude Include="include\Core\Diagnostics\Objects\WarningLog.h" />
    <ClInclude Include="include\Rendering\Manager\TextureManager.h" />
    <ClInclude Include="include\Math\Objects\Random.h" />
    <ClInclude Include="include\Math\Objects\Range.h" />
    <ClInclude Include="include\Rendering\Objects\RenderItems\Particle.h" />
    <ClInclude Include="include\Rendering\Objects\RenderItems\Texture.h" />
    <ClInclude Include="include\Core\Data\Objects\Timers\WorldTimer.h" />
    <ClInclude Include="include\Rendering\Objects\RenderItems\RenderItem.h" />
    <ClInclude Include="include\Rendering\Objects\Visualization\ComponentVisualizations\ConcreteComponentVisualization.h" />
    <ClInclude Include="include\Rendering\Objects\Visualization\ComponentVisualizations\EmitterComponentVisualization.h" />
    <ClInclude Include="include\Rendering\Objects\Visualization\GameObjectVisualizations\ConcreteGameObjectVisualization.h" />
    <ClInclude Include="include\Rendering\Objects\Visualization\ComponentVisualizations\Shapes\CircleShapeVisualization.h" />
    <ClInclude Include="include\Rendering\Objects\Visualization\ComponentVisualizations\ComponentVisualization.h" />
    <ClInclude Include="include\Rendering\Objects\Visualization\ComponentVisualizations\ImageVisualization.h" />
    <ClInclude Include="include\Rendering\Factory\VisualizationFactory.h" />
    <ClInclude Include="include\Core\Data\Objects\Descriptions\Shapes\FillableShapeDescription.h" />
    <ClInclude Include="include\Rendering\Objects\Visualization\ComponentVisualizations\Shapes\LineShapeVisualization.h" />
    <ClInclude Include="include\Rendering\Manager\VisualizationManager.h" />
    <ClInclude Include="include\Rendering\Objects\Visualization\ComponentVisualizations\Shapes\PolygonShapeVisualization.h" />
    <ClInclude Include="include\Rendering\Objects\Visualization\ComponentVisualizations\Shapes\RectShapeVisualization.h" />
    <ClInclude Include="include\Rendering\Objects\Visualization\GameObjectVisualizations\GameObjectVisualization.h" />
    <ClInclude Include="include\Rendering\Objects\Visualization\ComponentVisualizations\Shapes\ShapeVisualization.h" />
    <ClInclude Include="include\Rendering\Objects\Visualization\ComponentVisualizations\Shapes\TriangleShapeVisualization.h" />
    <ClInclude Include="include\Rendering\Objects\Visualization\Visualization.h" />
    <ClInclude Include="include\Core\Data\Objects\Resources\Audio.h" />
    <ClInclude Include="include\Core\Defines\collisionlayers.h" />
    <ClInclude Include="include\Core\Types\BodyType.h" />
    <ClInclude Include="include\Core\Types\SettingsType.h" />
    <ClInclude Include="include\Core\Types\GeometryType.h" />
    <ClInclude Include="include\Rendering\DebugRenderer.h" />
    <ClInclude Include="include\Core\Diagnostics\Manager\LogManager.h" />
    <ClInclude Include="include\Core\Diagnostics\Objects\Log.h" />
    <ClInclude Include="include\Physics\Collision\ContactFilter.h" />
    <ClInclude Include="include\Physics\Collision\ContactListener.h" />
    <ClInclude Include="include\Core\Helpers\Patterns\Observer.h" />
    <ClInclude Include="include\Core\Helpers\Interfaces\IBoundingBox.h" />
    <ClInclude Include="include\Core\Helpers\TaggedObject.h" />
    <ClInclude Include="include\SceneGraph\Objects\Components\EmitterComponent.h" />
    <ClInclude Include="include\SceneGraph\Objects\Components\Physics\Collision\BoxCollisionComponent.h" />
    <ClInclude Include="include\SceneGraph\Objects\Components\Physics\Collision\CircleCollisionComponent.h" />
    <ClInclude Include="include\SceneGraph\Objects\Components\Physics\Collision\CollisionComponent.h" />
    <ClInclude Include="include\SceneGraph\Objects\Components\Physics\Collision\PolygonCollisionComponent.h" />
    <ClInclude Include="include\SceneGraph\Objects\Components\Physics\Collision\TriangleCollisionComponent.h" />
    <ClInclude Include="include\SceneGraph\Objects\Components\ImageComponent.h" />
    <ClInclude Include="include\SceneGraph\Factory\ComponentFactory.h" />
    <ClInclude Include="include\SceneGraph\Factory\GameObjectFactory.h" />
    <ClInclude Include="include\SceneGraph\Factory\SceneFactory.h" />
    <ClInclude Include="include\SceneGraph\Manager\ComponentManager.h" />
    <ClInclude Include="include\SceneGraph\Objects\Components\Physics\RigidBodyComponent.h" />
    <ClInclude Include="include\SceneGraph\Objects\Components\Shapes\CircleShapeComponent.h" />
    <ClInclude Include="include\SceneGraph\Objects\Components\Shapes\LineShapeComponent.h" />
    <ClInclude Include="include\SceneGraph\Objects\Components\Shapes\PolygonShapeComponent.h" />
    <ClInclude Include="include\SceneGraph\Objects\Components\Shapes\RectShapeComponent.h" />
    <ClInclude Include="include\SceneGraph\Objects\Components\Shapes\ShapeComponent.h" />
    <ClInclude Include="include\SceneGraph\Objects\Components\Shapes\TriangleShapeComponent.h" />
    <ClInclude Include="include\SceneGraph\Objects\GameObjects\Camera\Camera.h" />
    <ClInclude Include="include\SceneGraph\Objects\Components\CameraComponent.h" />
    <ClInclude Include="include\Core\Data\Objects\Resources\Image.h" />
    <ClInclude Include="include\Core\Data\Manager\ResourceManager.h" />
    <ClInclude Include="include\Core\Data\Objects\Resources\Resource.h" />
    <ClInclude Include="include\Core\System\Objects\Input.h" />
    <ClInclude Include="include\Core\Types\InputStateType.h" />
    <ClInclude Include="include\Core\Data\Objects\Game.h" />
    <ClInclude Include="include\Rendering\Renderer.h" />
    <ClInclude Include="include\Core\Data\Objects\Settings\ApplicationSettings.h" />
    <ClInclude Include="include\Core\Data\Objects\Settings\GameSettings.h" />
    <ClInclude Include="include\Core\Data\Objects\Settings\PhysicsSettings.h" />
    <ClInclude Include="include\Core\Data\Objects\Settings\Settings.h" />
    <ClInclude Include="include\Core\System\Factory\SystemFactory.h" />
    <ClInclude Include="include\Core\System\Manager\SystemManager.h" />
    <ClInclude Include="include\Core\Defines\assert.h" />
    <ClInclude Include="include\Core\Defines\color.h" />
    <ClInclude Include="include\Core\Defines\d2dutill.h" />
    <ClInclude Include="include\Core\Defines\deletemacros.h" />
    <ClInclude Include="include\Core\Engine.h" />
    <ClInclude Include="include\Core\Defines\fstream.h" />
    <ClInclude Include="include\Core\System\Objects\Logic.h" />
    <ClInclude Include="include\Core\System\Objects\Graphics.h" />
    <ClInclude Include="include\Core\Defines\iostream.h" />
    <ClInclude Include="include\Core\Defines\programdefaults.h" />
    <ClInclude Include="include\Core\Types\LogType.h" />
    <ClInclude Include="include\Core\Types\ResourceType.h" />
    <ClInclude Include="include\Core\Types\SystemType.h" />
    <ClInclude Include="include\Core\Helpers\Patterns\Manager.h" />
    <ClInclude Include="include\Core\Helpers\Interfaces\IInput.h" />
    <ClInclude Include="include\Core\Helpers\Interfaces\IWindow.h" />
    <ClInclude Include="include\Math\Objects\Matrix2D.h" />
    <ClInclude Include="include\Core\Helpers\ObjectCounter.h" />
    <ClInclude Include="include\Math\Objects\Rect2D.h" />
    <ClInclude Include="include\SceneGraph\Objects\Components\Component.h" />
    <ClInclude Include="include\SceneGraph\Objects\GameObjects\Camera\FollowCamera.h" />
    <ClInclude Include="include\SceneGraph\Objects\GameObjects\Camera\FreeCamera.h" />
    <ClInclude Include="include\SceneGraph\Manager\CameraManager.h" />
    <ClInclude Include="include\SceneGraph\Objects\GameObjects\GameObject.h" />
    <ClInclude Include="include\SceneGraph\Manager\GameObjectManager.h" />
    <ClInclude Include="include\SceneGraph\Objects\GameObjects\PhysicsObject.h" />
    <ClInclude Include="include\SceneGraph\Objects\GameObjects\UIObject.h" />
    <ClInclude Include="include\Rendering\Objects\RenderItems\Shapes\CircleShape.h" />
    <ClInclude Include="include\Rendering\Objects\RenderItems\Shapes\LineShape.h" />
    <ClInclude Include="include\Rendering\Objects\RenderItems\Shapes\PolygonShape.h" />
    <ClInclude Include="include\Rendering\Objects\RenderItems\Shapes\RectShape.h" />
    <ClInclude Include="include\Rendering\Objects\RenderItems\Shapes\TriangleShape.h" />
    <ClInclude Include="include\SceneGraph\Objects\Scenes\LoadingScene.h" />
    <ClInclude Include="include\SceneGraph\Objects\Scenes\Scene.h" />
    <ClInclude Include="include\SceneGraph\Manager\SceneManager.h" />
    <ClInclude Include="include\Core\Helpers\Patterns\Singleton.h" />
    <ClInclude Include="include\Core\Defines\string.h" />
    <ClInclude Include="include\Core\Defines\stringstream.h" />
    <ClInclude Include="include\Core\System\Objects\System.h" />
    <ClInclude Include="include\Core\Data\Objects\Timers\Timer.h" />
    <ClInclude Include="include\SceneGraph\Objects\Object.h" />
    <ClInclude Include="include\Math\Objects\Vector2D.h" />
    <ClInclude Include="include\Core\System\Objects\Window.h" />
    <ClInclude Include="include\Rendering\Objects\RenderItems\Shapes\Shape.h" />
    <ClInclude Include="include\SceneGraph\Objects\GameObjects\SceneObject.h" />
    <ClInclude Include="include\SceneGraph\Objects\Components\TransformComponent.h" />
    <ClInclude Include="include\Core\Helpers\Interfaces\IDestroyable.h" />
    <ClInclude Include="include\Core\Data\Factory\GeometryFactory.h" />
    <ClInclude Include="include\Core\Data\Manager\GeometryManager.h" />
    <ClInclude Include="include\Core\Defines\renderlayers.h" />
    <ClInclude Include="include\Core\Types\DebugRenderingType.h" />
    <ClInclude Include="include\Core\Data\Objects\Transition.h" />
    <ClInclude Include="include\Core\Data\Manager\TransitionManager.h" />
  </ItemGroup>
</Project>